// !$*UTF8*$!
{
	archiveVersion = 1;
	classes = {
	};
	objectVersion = 56;
	objects = {

/* Begin PBXBuildFile section */
		1DFCA4982C044CAC00686FE8 /* AppleStorageChartsApp.swift in Sources */ = {isa = PBXBuildFile; fileRef = 1DFCA4972C044CAC00686FE8 /* AppleStorageChartsApp.swift */; };
		1DFCA49C2C044CAC00686FE8 /* Assets.xcassets in Resources */ = {isa = PBXBuildFile; fileRef = 1DFCA49B2C044CAC00686FE8 /* Assets.xcassets */; };
		1DFCA49F2C044CAC00686FE8 /* Preview Assets.xcassets in Resources */ = {isa = PBXBuildFile; fileRef = 1DFCA49E2C044CAC00686FE8 /* Preview Assets.xcassets */; };
		1DFCA4B32C044E1D00686FE8 /* ChartView.swift in Sources */ = {isa = PBXBuildFile; fileRef = 1DFCA4A72C044E1D00686FE8 /* ChartView.swift */; };
		1DFCA4B52C044E1D00686FE8 /* JobStatsCell.swift in Sources */ = {isa = PBXBuildFile; fileRef = 1DFCA4A92C044E1D00686FE8 /* JobStatsCell.swift */; };
		1DFCA4B62C044E1D00686FE8 /* JobStatsView.swift in Sources */ = {isa = PBXBuildFile; fileRef = 1DFCA4AA2C044E1D00686FE8 /* JobStatsView.swift */; };
		1DFCA4B72C044E1D00686FE8 /* StorageModel.swift in Sources */ = {isa = PBXBuildFile; fileRef = 1DFCA4AC2C044E1D00686FE8 /* StorageModel.swift */; };
		1DFCA4B82C044E1D00686FE8 /* AppExtensions.swift in Sources */ = {isa = PBXBuildFile; fileRef = 1DFCA4AE2C044E1D00686FE8 /* AppExtensions.swift */; };
		1DFCA4B92C044E1D00686FE8 /* AppHelper.swift in Sources */ = {isa = PBXBuildFile; fileRef = 1DFCA4AF2C044E1D00686FE8 /* AppHelper.swift */; };
		1DFCA4BA2C044E1D00686FE8 /* StatsDataViewModel.swift in Sources */ = {isa = PBXBuildFile; fileRef = 1DFCA4B12C044E1D00686FE8 /* StatsDataViewModel.swift */; };
		1DFCA4BC2C044E5600686FE8 /* DashBoardView.swift in Sources */ = {isa = PBXBuildFile; fileRef = 1DFCA4BB2C044E5600686FE8 /* DashBoardView.swift */; };
		1DFCA4C02C044EE100686FE8 /* AppData in Frameworks */ = {isa = PBXBuildFile; productRef = 1DFCA4BF2C044EE100686FE8 /* AppData */; };
/* End PBXBuildFile section */

/* Begin PBXFileReference section */
		1DFCA4942C044CAC00686FE8 /* AppleStorageCharts.app */ = {isa = PBXFileReference; explicitFileType = wrapper.application; includeInIndex = 0; path = AppleStorageCharts.app; sourceTree = BUILT_PRODUCTS_DIR; };
		1DFCA4972C044CAC00686FE8 /* AppleStorageChartsApp.swift */ = {isa = PBXFileReference; lastKnownFileType = sourcecode.swift; path = AppleStorageChartsApp.swift; sourceTree = "<group>"; };
		1DFCA49B2C044CAC00686FE8 /* Assets.xcassets */ = {isa = PBXFileReference; lastKnownFileType = folder.assetcatalog; path = Assets.xcassets; sourceTree = "<group>"; };
		1DFCA49E2C044CAC00686FE8 /* Preview Assets.xcassets */ = {isa = PBXFileReference; lastKnownFileType = folder.assetcatalog; path = "Preview Assets.xcassets"; sourceTree = "<group>"; };
		1DFCA4A62C044DE400686FE8 /* AppData */ = {isa = PBXFileReference; lastKnownFileType = wrapper; path = AppData; sourceTree = "<group>"; };
		1DFCA4A72C044E1D00686FE8 /* ChartView.swift */ = {isa = PBXFileReference; fileEncoding = 4; lastKnownFileType = sourcecode.swift; path = ChartView.swift; sourceTree = "<group>"; };
		1DFCA4A92C044E1D00686FE8 /* JobStatsCell.swift */ = {isa = PBXFileReference; fileEncoding = 4; lastKnownFileType = sourcecode.swift; path = JobStatsCell.swift; sourceTree = "<group>"; };
		1DFCA4AA2C044E1D00686FE8 /* JobStatsView.swift */ = {isa = PBXFileReference; fileEncoding = 4; lastKnownFileType = sourcecode.swift; path = JobStatsView.swift; sourceTree = "<group>"; };
		1DFCA4AC2C044E1D00686FE8 /* StorageModel.swift */ = {isa = PBXFileReference; fileEncoding = 4; lastKnownFileType = sourcecode.swift; path = StorageModel.swift; sourceTree = "<group>"; };
		1DFCA4AE2C044E1D00686FE8 /* AppExtensions.swift */ = {isa = PBXFileReference; fileEncoding = 4; lastKnownFileType = sourcecode.swift; path = AppExtensions.swift; sourceTree = "<group>"; };
		1DFCA4AF2C044E1D00686FE8 /* AppHelper.swift */ = {isa = PBXFileReference; fileEncoding = 4; lastKnownFileType = sourcecode.swift; path = AppHelper.swift; sourceTree = "<group>"; };
		1DFCA4B12C044E1D00686FE8 /* StatsDataViewModel.swift */ = {isa = PBXFileReference; fileEncoding = 4; lastKnownFileType = sourcecode.swift; path = StatsDataViewModel.swift; sourceTree = "<group>"; };
		1DFCA4BB2C044E5600686FE8 /* DashBoardView.swift */ = {isa = PBXFileReference; lastKnownFileType = sourcecode.swift; path = DashBoardView.swift; sourceTree = "<group>"; };
/* End PBXFileReference section */

/* Begin PBXFrameworksBuildPhase section */
		1DFCA4912C044CAC00686FE8 /* Frameworks */ = {
			isa = PBXFrameworksBuildPhase;
			buildActionMask = 2147483647;
			files = (
				1DFCA4C02C044EE100686FE8 /* AppData in Frameworks */,
			);
			runOnlyForDeploymentPostprocessing = 0;
		};
/* End PBXFrameworksBuildPhase section */

/* Begin PBXGroup section */
		1DFCA48B2C044CAC00686FE8 = {
			isa = PBXGroup;
			children = (
				1DFCA4A62C044DE400686FE8 /* AppData */,
				1DFCA4962C044CAC00686FE8 /* AppleStorageCharts */,
				1DFCA4952C044CAC00686FE8 /* Products */,
				1DFCA4BE2C044EE100686FE8 /* Frameworks */,
			);
			sourceTree = "<group>";
		};
		1DFCA4952C044CAC00686FE8 /* Products */ = {
			isa = PBXGroup;
			children = (
				1DFCA4942C044CAC00686FE8 /* AppleStorageCharts.app */,
			);
			name = Products;
			sourceTree = "<group>";
		};
		1DFCA4962C044CAC00686FE8 /* AppleStorageCharts */ = {
			isa = PBXGroup;
			children = (
				1DFCA4972C044CAC00686FE8 /* AppleStorageChartsApp.swift */,
				1DFCA4B02C044E1D00686FE8 /* Helper+Extensions */,
				1DFCA4AD2C044E1D00686FE8 /* Model */,
				1DFCA4B22C044E1D00686FE8 /* ViewModel */,
				1DFCA4AB2C044E1D00686FE8 /* Views */,
				1DFCA49B2C044CAC00686FE8 /* Assets.xcassets */,
				1DFCA49D2C044CAC00686FE8 /* Preview Content */,
			);
			path = AppleStorageCharts;
			sourceTree = "<group>";
		};
		1DFCA49D2C044CAC00686FE8 /* Preview Content */ = {
			isa = PBXGroup;
			children = (
				1DFCA49E2C044CAC00686FE8 /* Preview Assets.xcassets */,
			);
			path = "Preview Content";
			sourceTree = "<group>";
		};
		1DFCA4AB2C044E1D00686FE8 /* Views */ = {
			isa = PBXGroup;
			children = (
				1DFCA4BD2C044E8C00686FE8 /* Component */,
				1DFCA4A72C044E1D00686FE8 /* ChartView.swift */,
				1DFCA4AA2C044E1D00686FE8 /* JobStatsView.swift */,
				1DFCA4BB2C044E5600686FE8 /* DashBoardView.swift */,
			);
			path = Views;
			sourceTree = "<group>";
		};
		1DFCA4AD2C044E1D00686FE8 /* Model */ = {
			isa = PBXGroup;
			children = (
				1DFCA4AC2C044E1D00686FE8 /* StorageModel.swift */,
			);
			path = Model;
			sourceTree = "<group>";
		};
		1DFCA4B02C044E1D00686FE8 /* Helper+Extensions */ = {
			isa = PBXGroup;
			children = (
				1DFCA4AE2C044E1D00686FE8 /* AppExtensions.swift */,
				1DFCA4AF2C044E1D00686FE8 /* AppHelper.swift */,
			);
			path = "Helper+Extensions";
			sourceTree = "<group>";
		};
		1DFCA4B22C044E1D00686FE8 /* ViewModel */ = {
			isa = PBXGroup;
			children = (
				1DFCA4B12C044E1D00686FE8 /* StatsDataViewModel.swift */,
			);
			path = ViewModel;
			sourceTree = "<group>";
		};
		1DFCA4BD2C044E8C00686FE8 /* Component */ = {
			isa = PBXGroup;
			children = (
				1DFCA4A92C044E1D00686FE8 /* JobStatsCell.swift */,
			);
			path = Component;
			sourceTree = "<group>";
		};
		1DFCA4BE2C044EE100686FE8 /* Frameworks */ = {
			isa = PBXGroup;
			children = (
			);
			name = Frameworks;
			sourceTree = "<group>";
		};
/* End PBXGroup section */

/* Begin PBXNativeTarget section */
		1DFCA4932C044CAC00686FE8 /* AppleStorageCharts */ = {
			isa = PBXNativeTarget;
			buildConfigurationList = 1DFCA4A22C044CAC00686FE8 /* Build configuration list for PBXNativeTarget "AppleStorageCharts" */;
			buildPhases = (
				1DFCA4902C044CAC00686FE8 /* Sources */,
				1DFCA4912C044CAC00686FE8 /* Frameworks */,
				1DFCA4922C044CAC00686FE8 /* Resources */,
			);
			buildRules = (
			);
			dependencies = (
			);
			name = AppleStorageCharts;
			packageProductDependencies = (
				1DFCA4BF2C044EE100686FE8 /* AppData */,
			);
			productName = AppleStorageCharts;
			productReference = 1DFCA4942C044CAC00686FE8 /* AppleStorageCharts.app */;
			productType = "com.apple.product-type.application";
		};
/* End PBXNativeTarget section */

/* Begin PBXProject section */
		1DFCA48C2C044CAC00686FE8 /* Project object */ = {
			isa = PBXProject;
			attributes = {
				BuildIndependentTargetsInParallel = 1;
				LastSwiftUpdateCheck = 1530;
				LastUpgradeCheck = 1530;
				TargetAttributes = {
					1DFCA4932C044CAC00686FE8 = {
						CreatedOnToolsVersion = 15.3;
					};
				};
			};
			buildConfigurationList = 1DFCA48F2C044CAC00686FE8 /* Build configuration list for PBXProject "AppleStorageCharts" */;
			compatibilityVersion = "Xcode 14.0";
			developmentRegion = en;
			hasScannedForEncodings = 0;
			knownRegions = (
				en,
				Base,
			);
			mainGroup = 1DFCA48B2C044CAC00686FE8;
			productRefGroup = 1DFCA4952C044CAC00686FE8 /* Products */;
			projectDirPath = "";
			projectRoot = "";
			targets = (
				1DFCA4932C044CAC00686FE8 /* AppleStorageCharts */,
			);
		};
/* End PBXProject section */

/* Begin PBXResourcesBuildPhase section */
		1DFCA4922C044CAC00686FE8 /* Resources */ = {
			isa = PBXResourcesBuildPhase;
			buildActionMask = 2147483647;
			files = (
				1DFCA49F2C044CAC00686FE8 /* Preview Assets.xcassets in Resources */,
				1DFCA49C2C044CAC00686FE8 /* Assets.xcassets in Resources */,
			);
			runOnlyForDeploymentPostprocessing = 0;
		};
/* End PBXResourcesBuildPhase section */

/* Begin PBXSourcesBuildPhase section */
		1DFCA4902C044CAC00686FE8 /* Sources */ = {
			isa = PBXSourcesBuildPhase;
			buildActionMask = 2147483647;
			files = (
				1DFCA4BA2C044E1D00686FE8 /* StatsDataViewModel.swift in Sources */,
				1DFCA4BC2C044E5600686FE8 /* DashBoardView.swift in Sources */,
				1DFCA4B62C044E1D00686FE8 /* JobStatsView.swift in Sources */,
				1DFCA4B52C044E1D00686FE8 /* JobStatsCell.swift in Sources */,
				1DFCA4B72C044E1D00686FE8 /* StorageModel.swift in Sources */,
				1DFCA4B92C044E1D00686FE8 /* AppHelper.swift in Sources */,
				1DFCA4982C044CAC00686FE8 /* AppleStorageChartsApp.swift in Sources */,
				1DFCA4B32C044E1D00686FE8 /* ChartView.swift in Sources */,
				1DFCA4B82C044E1D00686FE8 /* AppExtensions.swift in Sources */,
			);
			runOnlyForDeploymentPostprocessing = 0;
		};
/* End PBXSourcesBuildPhase section */

/* Begin XCBuildConfiguration section */
		1DFCA4A02C044CAC00686FE8 /* Debug */ = {
			isa = XCBuildConfiguration;
			buildSettings = {
				ALWAYS_SEARCH_USER_PATHS = NO;
				ASSETCATALOG_COMPILER_GENERATE_SWIFT_ASSET_SYMBOL_EXTENSIONS = YES;
				CLANG_ANALYZER_NONNULL = YES;
				CLANG_ANALYZER_NUMBER_OBJECT_CONVERSION = YES_AGGRESSIVE;
				CLANG_CXX_LANGUAGE_STANDARD = "gnu++20";
				CLANG_ENABLE_MODULES = YES;
				CLANG_ENABLE_OBJC_ARC = YES;
				CLANG_ENABLE_OBJC_WEAK = YES;
				CLANG_WARN_BLOCK_CAPTURE_AUTORELEASING = YES;
				CLANG_WARN_BOOL_CONVERSION = YES;
				CLANG_WARN_COMMA = YES;
				CLANG_WARN_CONSTANT_CONVERSION = YES;
				CLANG_WARN_DEPRECATED_OBJC_IMPLEMENTATIONS = YES;
				CLANG_WARN_DIRECT_OBJC_ISA_USAGE = YES_ERROR;
				CLANG_WARN_DOCUMENTATION_COMMENTS = YES;
				CLANG_WARN_EMPTY_BODY = YES;
				CLANG_WARN_ENUM_CONVERSION = YES;
				CLANG_WARN_INFINITE_RECURSION = YES;
				CLANG_WARN_INT_CONVERSION = YES;
				CLANG_WARN_NON_LITERAL_NULL_CONVERSION = YES;
				CLANG_WARN_OBJC_IMPLICIT_RETAIN_SELF = YES;
				CLANG_WARN_OBJC_LITERAL_CONVERSION = YES;
				CLANG_WARN_OBJC_ROOT_CLASS = YES_ERROR;
				CLANG_WARN_QUOTED_INCLUDE_IN_FRAMEWORK_HEADER = YES;
				CLANG_WARN_RANGE_LOOP_ANALYSIS = YES;
				CLANG_WARN_STRICT_PROTOTYPES = YES;
				CLANG_WARN_SUSPICIOUS_MOVE = YES;
				CLANG_WARN_UNGUARDED_AVAILABILITY = YES_AGGRESSIVE;
				CLANG_WARN_UNREACHABLE_CODE = YES;
				CLANG_WARN__DUPLICATE_METHOD_MATCH = YES;
				COPY_PHASE_STRIP = NO;
				DEBUG_INFORMATION_FORMAT = dwarf;
				ENABLE_STRICT_OBJC_MSGSEND = YES;
				ENABLE_TESTABILITY = YES;
				ENABLE_USER_SCRIPT_SANDBOXING = YES;
				GCC_C_LANGUAGE_STANDARD = gnu17;
				GCC_DYNAMIC_NO_PIC = NO;
				GCC_NO_COMMON_BLOCKS = YES;
				GCC_OPTIMIZATION_LEVEL = 0;
				GCC_PREPROCESSOR_DEFINITIONS = (
					"DEBUG=1",
					"$(inherited)",
				);
				GCC_WARN_64_TO_32_BIT_CONVERSION = YES;
				GCC_WARN_ABOUT_RETURN_TYPE = YES_ERROR;
				GCC_WARN_UNDECLARED_SELECTOR = YES;
				GCC_WARN_UNINITIALIZED_AUTOS = YES_AGGRESSIVE;
				GCC_WARN_UNUSED_FUNCTION = YES;
				GCC_WARN_UNUSED_VARIABLE = YES;
				IPHONEOS_DEPLOYMENT_TARGET = 17.4;
				LOCALIZATION_PREFERS_STRING_CATALOGS = YES;
				MTL_ENABLE_DEBUG_INFO = INCLUDE_SOURCE;
				MTL_FAST_MATH = YES;
				ONLY_ACTIVE_ARCH = YES;
				SDKROOT = iphoneos;
				SWIFT_ACTIVE_COMPILATION_CONDITIONS = "DEBUG $(inherited)";
				SWIFT_OPTIMIZATION_LEVEL = "-Onone";
			};
			name = Debug;
		};
		1DFCA4A12C044CAC00686FE8 /* Release */ = {
			isa = XCBuildConfiguration;
			buildSettings = {
				ALWAYS_SEARCH_USER_PATHS = NO;
				ASSETCATALOG_COMPILER_GENERATE_SWIFT_ASSET_SYMBOL_EXTENSIONS = YES;
				CLANG_ANALYZER_NONNULL = YES;
				CLANG_ANALYZER_NUMBER_OBJECT_CONVERSION = YES_AGGRESSIVE;
				CLANG_CXX_LANGUAGE_STANDARD = "gnu++20";
				CLANG_ENABLE_MODULES = YES;
				CLANG_ENABLE_OBJC_ARC = YES;
				CLANG_ENABLE_OBJC_WEAK = YES;
				CLANG_WARN_BLOCK_CAPTURE_AUTORELEASING = YES;
				CLANG_WARN_BOOL_CONVERSION = YES;
				CLANG_WARN_COMMA = YES;
				CLANG_WARN_CONSTANT_CONVERSION = YES;
				CLANG_WARN_DEPRECATED_OBJC_IMPLEMENTATIONS = YES;
				CLANG_WARN_DIRECT_OBJC_ISA_USAGE = YES_ERROR;
				CLANG_WARN_DOCUMENTATION_COMMENTS = YES;
				CLANG_WARN_EMPTY_BODY = YES;
				CLANG_WARN_ENUM_CONVERSION = YES;
				CLANG_WARN_INFINITE_RECURSION = YES;
				CLANG_WARN_INT_CONVERSION = YES;
				CLANG_WARN_NON_LITERAL_NULL_CONVERSION = YES;
				CLANG_WARN_OBJC_IMPLICIT_RETAIN_SELF = YES;
				CLANG_WARN_OBJC_LITERAL_CONVERSION = YES;
				CLANG_WARN_OBJC_ROOT_CLASS = YES_ERROR;
				CLANG_WARN_QUOTED_INCLUDE_IN_FRAMEWORK_HEADER = YES;
				CLANG_WARN_RANGE_LOOP_ANALYSIS = YES;
				CLANG_WARN_STRICT_PROTOTYPES = YES;
				CLANG_WARN_SUSPICIOUS_MOVE = YES;
				CLANG_WARN_UNGUARDED_AVAILABILITY = YES_AGGRESSIVE;
				CLANG_WARN_UNREACHABLE_CODE = YES;
				CLANG_WARN__DUPLICATE_METHOD_MATCH = YES;
				COPY_PHASE_STRIP = NO;
				DEBUG_INFORMATION_FORMAT = "dwarf-with-dsym";
				ENABLE_NS_ASSERTIONS = NO;
				ENABLE_STRICT_OBJC_MSGSEND = YES;
				ENABLE_USER_SCRIPT_SANDBOXING = YES;
				GCC_C_LANGUAGE_STANDARD = gnu17;
				GCC_NO_COMMON_BLOCKS = YES;
				GCC_WARN_64_TO_32_BIT_CONVERSION = YES;
				GCC_WARN_ABOUT_RETURN_TYPE = YES_ERROR;
				GCC_WARN_UNDECLARED_SELECTOR = YES;
				GCC_WARN_UNINITIALIZED_AUTOS = YES_AGGRESSIVE;
				GCC_WARN_UNUSED_FUNCTION = YES;
				GCC_WARN_UNUSED_VARIABLE = YES;
				IPHONEOS_DEPLOYMENT_TARGET = 17.4;
				LOCALIZATION_PREFERS_STRING_CATALOGS = YES;
				MTL_ENABLE_DEBUG_INFO = NO;
				MTL_FAST_MATH = YES;
				SDKROOT = iphoneos;
				SWIFT_COMPILATION_MODE = wholemodule;
				VALIDATE_PRODUCT = YES;
			};
			name = Release;
		};
		1DFCA4A32C044CAC00686FE8 /* Debug */ = {
			isa = XCBuildConfiguration;
			buildSettings = {
				ASSETCATALOG_COMPILER_APPICON_NAME = AppIcon;
				ASSETCATALOG_COMPILER_GLOBAL_ACCENT_COLOR_NAME = AccentColor;
				CODE_SIGN_STYLE = Automatic;
				CURRENT_PROJECT_VERSION = 1;
				DEVELOPMENT_ASSET_PATHS = "\"AppleStorageCharts/Preview Content\"";
				ENABLE_PREVIEWS = YES;
				GENERATE_INFOPLIST_FILE = YES;
				INFOPLIST_KEY_UIApplicationSceneManifest_Generation = YES;
				INFOPLIST_KEY_UIApplicationSupportsIndirectInputEvents = YES;
				INFOPLIST_KEY_UILaunchScreen_Generation = YES;
				INFOPLIST_KEY_UISupportedInterfaceOrientations_iPad = "UIInterfaceOrientationPortrait UIInterfaceOrientationPortraitUpsideDown UIInterfaceOrientationLandscapeLeft UIInterfaceOrientationLandscapeRight";
				INFOPLIST_KEY_UISupportedInterfaceOrientations_iPhone = "UIInterfaceOrientationPortrait UIInterfaceOrientationLandscapeLeft UIInterfaceOrientationLandscapeRight";
				IPHONEOS_DEPLOYMENT_TARGET = 16.0;
				LD_RUNPATH_SEARCH_PATHS = (
					"$(inherited)",
					"@executable_path/Frameworks",
				);
				MARKETING_VERSION = 1.0;
				PRODUCT_BUNDLE_IDENTIFIER = com.vikas.AppleStorageCharts;
				PRODUCT_NAME = "$(TARGET_NAME)";
				SWIFT_EMIT_LOC_STRINGS = YES;
				SWIFT_VERSION = 5.0;
				TARGETED_DEVICE_FAMILY = "1,2";
			};
			name = Debug;
		};
		1DFCA4A42C044CAC00686FE8 /* Release */ = {
			isa = XCBuildConfiguration;
			buildSettings = {
				ASSETCATALOG_COMPILER_APPICON_NAME = AppIcon;
				ASSETCATALOG_COMPILER_GLOBAL_ACCENT_COLOR_NAME = AccentColor;
				CODE_SIGN_STYLE = Automatic;
				CURRENT_PROJECT_VERSION = 1;
				DEVELOPMENT_ASSET_PATHS = "\"AppleStorageCharts/Preview Content\"";
				ENABLE_PREVIEWS = YES;
				GENERATE_INFOPLIST_FILE = YES;
				INFOPLIST_KEY_UIApplicationSceneManifest_Generation = YES;
				INFOPLIST_KEY_UIApplicationSupportsIndirectInputEvents = YES;
				INFOPLIST_KEY_UILaunchScreen_Generation = YES;
				INFOPLIST_KEY_UISupportedInterfaceOrientations_iPad = "UIInterfaceOrientationPortrait UIInterfaceOrientationPortraitUpsideDown UIInterfaceOrientationLandscapeLeft UIInterfaceOrientationLandscapeRight";
				INFOPLIST_KEY_UISupportedInterfaceOrientations_iPhone = "UIInterfaceOrientationPortrait UIInterfaceOrientationLandscapeLeft UIInterfaceOrientationLandscapeRight";
				IPHONEOS_DEPLOYMENT_TARGET = 16.0;
				LD_RUNPATH_SEARCH_PATHS = (
					"$(inherited)",
					"@executable_path/Frameworks",
				);
				MARKETING_VERSION = 1.0;
				PRODUCT_BUNDLE_IDENTIFIER = com.vikas.AppleStorageCharts;
				PRODUCT_NAME = "$(TARGET_NAME)";
				SWIFT_EMIT_LOC_STRINGS = YES;
				SWIFT_VERSION = 5.0;
				TARGETED_DEVICE_FAMILY = "1,2";
			};
			name = Release;
		};
/* End XCBuildConfiguration section */

/* Begin XCConfigurationList section */
		1DFCA48F2C044CAC00686FE8 /* Build configuration list for PBXProject "AppleStorageCharts" */ = {
			isa = XCConfigurationList;
			buildConfigurations = (
				1DFCA4A02C044CAC00686FE8 /* Debug */,
				1DFCA4A12C044CAC00686FE8 /* Release */,
			);
			defaultConfigurationIsVisible = 0;
			defaultConfigurationName = Release;
		};
		1DFCA4A22C044CAC00686FE8 /* Build configuration list for PBXNativeTarget "AppleStorageCharts" */ = {
			isa = XCConfigurationList;
			buildConfigurations = (
				1DFCA4A32C044CAC00686FE8 /* Debug */,
				1DFCA4A42C044CAC00686FE8 /* Release */,
			);
			defaultConfigurationIsVisible = 0;
			defaultConfigurationName = Release;
		};
/* End XCConfigurationList section */

/* Begin XCSwiftPackageProductDependency section */
		1DFCA4BF2C044EE100686FE8 /* AppData */ = {
			isa = XCSwiftPackageProductDependency;
			productName = AppData;
		};
/* End XCSwiftPackageProductDependency section */
	};
	rootObject = 1DFCA48C2C044CAC00686FE8 /* Project object */;
}
